// !$*UTF8*$!
{
	archiveVersion = 1;
	classes = {
	};
	objectVersion = 46;
	objects = {

/* Begin PBXBuildFile section */
		100588871ACA35FC003CA13A /* level.png in Resources */ = {isa = PBXBuildFile; fileRef = 100588861ACA35FC003CA13A /* level.png */; };
		100E33F11AC73DC000B1A696 /* tabBarController.swift in Sources */ = {isa = PBXBuildFile; fileRef = 100E33F01AC73DC000B1A696 /* tabBarController.swift */; };
		100E33F31AC77C2B00B1A696 /* cashOutVC.swift in Sources */ = {isa = PBXBuildFile; fileRef = 100E33F21AC77C2B00B1A696 /* cashOutVC.swift */; };
		100E33F51AC784D700B1A696 /* cardRedeemed.swift in Sources */ = {isa = PBXBuildFile; fileRef = 100E33F41AC784D600B1A696 /* cardRedeemed.swift */; };
		10179F2D1AC6559300132921 /* pointsView.swift in Sources */ = {isa = PBXBuildFile; fileRef = 10179F2C1AC6559300132921 /* pointsView.swift */; };
		10522B871AB499950074E7E0 /* DropDown.png in Resources */ = {isa = PBXBuildFile; fileRef = 10522B861AB499950074E7E0 /* DropDown.png */; };
		105D9E5F1AB62001009868A7 /* LabPage.swift in Sources */ = {isa = PBXBuildFile; fileRef = 105D9E5E1AB62001009868A7 /* LabPage.swift */; };
		105D9E621AB628AE009868A7 /* LabDelegate.swift in Sources */ = {isa = PBXBuildFile; fileRef = 105D9E611AB628AE009868A7 /* LabDelegate.swift */; };
		105D9E641AB68772009868A7 /* verifyVC.swift in Sources */ = {isa = PBXBuildFile; fileRef = 105D9E631AB68772009868A7 /* verifyVC.swift */; };
		105D9E6D1AB72DD0009868A7 /* medEdit.swift in Sources */ = {isa = PBXBuildFile; fileRef = 105D9E6C1AB72DD0009868A7 /* medEdit.swift */; };
		105D9E6F1AB72DD7009868A7 /* labEdit.swift in Sources */ = {isa = PBXBuildFile; fileRef = 105D9E6E1AB72DD7009868A7 /* labEdit.swift */; };
		105D9E711AB72DE6009868A7 /* doctorEdit.swift in Sources */ = {isa = PBXBuildFile; fileRef = 105D9E701AB72DE6009868A7 /* doctorEdit.swift */; };
		1061F95A1AB731E00049C31C /* EditEvent.swift in Sources */ = {isa = PBXBuildFile; fileRef = 1061F9591AB731E00049C31C /* EditEvent.swift */; };
		107167801ABCB8820038C4D0 /* manLogo.png in Resources */ = {isa = PBXBuildFile; fileRef = 1071677F1ABCB8820038C4D0 /* manLogo.png */; };
		1081EB181AB3B8A900BEB2EC /* AppDelegate.swift in Sources */ = {isa = PBXBuildFile; fileRef = 1081EB171AB3B8A900BEB2EC /* AppDelegate.swift */; };
		1081EB211AB3B8A900BEB2EC /* Images.xcassets in Resources */ = {isa = PBXBuildFile; fileRef = 1081EB201AB3B8A900BEB2EC /* Images.xcassets */; };
		1081EB301AB3B8A900BEB2EC /* myCHTests.swift in Sources */ = {isa = PBXBuildFile; fileRef = 1081EB2F1AB3B8A900BEB2EC /* myCHTests.swift */; };
		109C4E3F1AB5E428004ED932 /* vitalsDelegate.swift in Sources */ = {isa = PBXBuildFile; fileRef = 109C4E3E1AB5E428004ED932 /* vitalsDelegate.swift */; };
		109C4E411AB5E69A004ED932 /* newTrackInfo.swift in Sources */ = {isa = PBXBuildFile; fileRef = 109C4E401AB5E69A004ED932 /* newTrackInfo.swift */; };
		109C4E431AB60C44004ED932 /* TrackResults.swift in Sources */ = {isa = PBXBuildFile; fileRef = 109C4E421AB60C44004ED932 /* TrackResults.swift */; };
		10A2E44C1AB9AE33002FD832 /* Crashlytics.framework in Frameworks */ = {isa = PBXBuildFile; fileRef = 10A2E44A1AB9AE33002FD832 /* Crashlytics.framework */; };
		10A2E44D1AB9AE33002FD832 /* Fabric.framework in Frameworks */ = {isa = PBXBuildFile; fileRef = 10A2E44B1AB9AE33002FD832 /* Fabric.framework */; };
		10A6BC461AB7509300896358 /* trackTable.swift in Sources */ = {isa = PBXBuildFile; fileRef = 10A6BC451AB7509300896358 /* trackTable.swift */; };
		10CD0CA81AB3DC1D00E035B1 /* labForm.swift in Sources */ = {isa = PBXBuildFile; fileRef = 10CD0CA71AB3DC1D00E035B1 /* labForm.swift */; };
		10CD0CAA1AB3DDBA00E035B1 /* DRApptForm.swift in Sources */ = {isa = PBXBuildFile; fileRef = 10CD0CA91AB3DDBA00E035B1 /* DRApptForm.swift */; };
		10CD0CAC1AB3E00500E035B1 /* selectType.swift in Sources */ = {isa = PBXBuildFile; fileRef = 10CD0CAB1AB3E00500E035B1 /* selectType.swift */; };
		10CD12251AB5682500E035B1 /* trackVC.swift in Sources */ = {isa = PBXBuildFile; fileRef = 10CD12241AB5682500E035B1 /* trackVC.swift */; };
		10D0E03A1AB3B96800260524 /* HomeVC.swift in Sources */ = {isa = PBXBuildFile; fileRef = 10D0E0391AB3B96800260524 /* HomeVC.swift */; };
		10D0E03C1AB3B96F00260524 /* medForm.swift in Sources */ = {isa = PBXBuildFile; fileRef = 10D0E03B1AB3B96F00260524 /* medForm.swift */; };
		10D0E03E1AB3B99000260524 /* Info.plist in Resources */ = {isa = PBXBuildFile; fileRef = 10D0E03D1AB3B99000260524 /* Info.plist */; };
		10D0E0401AB3B99D00260524 /* LearnVC.swift in Sources */ = {isa = PBXBuildFile; fileRef = 10D0E03F1AB3B99D00260524 /* LearnVC.swift */; };
		10D0E0461AB3B9BA00260524 /* EventTypes.swift in Sources */ = {isa = PBXBuildFile; fileRef = 10D0E0411AB3B9BA00260524 /* EventTypes.swift */; };
		10D0E0471AB3B9BA00260524 /* MedicineVC.swift in Sources */ = {isa = PBXBuildFile; fileRef = 10D0E0421AB3B9BA00260524 /* MedicineVC.swift */; };
		10D0E0481AB3B9BA00260524 /* MedNavController.swift in Sources */ = {isa = PBXBuildFile; fileRef = 10D0E0431AB3B9BA00260524 /* MedNavController.swift */; };
		10D0E0491AB3B9BA00260524 /* MedTable.swift in Sources */ = {isa = PBXBuildFile; fileRef = 10D0E0441AB3B9BA00260524 /* MedTable.swift */; };
		10D0E04A1AB3B9BA00260524 /* NewMed.swift in Sources */ = {isa = PBXBuildFile; fileRef = 10D0E0451AB3B9BA00260524 /* NewMed.swift */; };
		10D0E04C1AB3B9C200260524 /* Question.swift in Sources */ = {isa = PBXBuildFile; fileRef = 10D0E04B1AB3B9C200260524 /* Question.swift */; };
		10D0E05C1AB3BA9200260524 /* LaunchScreen.xib in Resources */ = {isa = PBXBuildFile; fileRef = 10D0E05B1AB3BA9200260524 /* LaunchScreen.xib */; };
		10D0E05E1AB3BABF00260524 /* dropDown.swift in Sources */ = {isa = PBXBuildFile; fileRef = 10D0E05D1AB3BABF00260524 /* dropDown.swift */; };
		10D0E0601AB3C08300260524 /* Raleway-ExtraLight.ttf in Resources */ = {isa = PBXBuildFile; fileRef = 10D0E04D1AB3B9CC00260524 /* Raleway-ExtraLight.ttf */; };
		10D0E0611AB3C08300260524 /* Raleway-Light.ttf in Resources */ = {isa = PBXBuildFile; fileRef = 10D0E04E1AB3B9CC00260524 /* Raleway-Light.ttf */; };
		10D0E0621AB3C08300260524 /* Raleway-Regular.ttf in Resources */ = {isa = PBXBuildFile; fileRef = 10D0E04F1AB3B9CC00260524 /* Raleway-Regular.ttf */; };
		10D0E0631AB3C08300260524 /* Raleway-SemiBold.ttf in Resources */ = {isa = PBXBuildFile; fileRef = 10D0E0501AB3B9CC00260524 /* Raleway-SemiBold.ttf */; };
		10D0E0641AB3C08300260524 /* Raleway-Thin.ttf in Resources */ = {isa = PBXBuildFile; fileRef = 10D0E0511AB3B9CC00260524 /* Raleway-Thin.ttf */; };
		10D7DC111AB8A86E003285A5 /* generic.jpg in Resources */ = {isa = PBXBuildFile; fileRef = 10D7DC101AB8A86E003285A5 /* generic.jpg */; };
		10D7DC441AB8C0F2003285A5 /* LoginBackEnd.swift in Sources */ = {isa = PBXBuildFile; fileRef = 10D7DC431AB8C0F2003285A5 /* LoginBackEnd.swift */; };
		10D7DC461AB90163003285A5 /* editProfile.swift in Sources */ = {isa = PBXBuildFile; fileRef = 10D7DC451AB90163003285A5 /* editProfile.swift */; };
		10E8D5641AB764F80070EFA7 /* myCH.png in Resources */ = {isa = PBXBuildFile; fileRef = 10E8D5631AB764F80070EFA7 /* myCH.png */; };
		10E8D5671AB76CB10070EFA7 /* LoginVC.swift in Sources */ = {isa = PBXBuildFile; fileRef = 10E8D5661AB76CB10070EFA7 /* LoginVC.swift */; };
		10E8D5691AB78C380070EFA7 /* RegistrationPage.swift in Sources */ = {isa = PBXBuildFile; fileRef = 10E8D5681AB78C380070EFA7 /* RegistrationPage.swift */; };
		10E8D56B1AB7D4600070EFA7 /* divider.png in Resources */ = {isa = PBXBuildFile; fileRef = 10E8D56A1AB7D4600070EFA7 /* divider.png */; };
		10E8D56D1AB7F1F20070EFA7 /* user.swift in Sources */ = {isa = PBXBuildFile; fileRef = 10E8D56C1AB7F1F20070EFA7 /* user.swift */; };
		10F3381C1ABC96C300EC9009 /* Bar@1x.png in Resources */ = {isa = PBXBuildFile; fileRef = 10F3380F1ABC96C300EC9009 /* Bar@1x.png */; };
		10F3381D1ABC96C300EC9009 /* Bar@2x.png in Resources */ = {isa = PBXBuildFile; fileRef = 10F338101ABC96C300EC9009 /* Bar@2x.png */; };
		10F3381E1ABC96C300EC9009 /* Bar@3x.png in Resources */ = {isa = PBXBuildFile; fileRef = 10F338111ABC96C300EC9009 /* Bar@3x.png */; };
		10F3381F1ABC96C300EC9009 /* Cal@1x.png in Resources */ = {isa = PBXBuildFile; fileRef = 10F338121ABC96C300EC9009 /* Cal@1x.png */; };
		10F338201ABC96C300EC9009 /* Cal@2x.png in Resources */ = {isa = PBXBuildFile; fileRef = 10F338131ABC96C300EC9009 /* Cal@2x.png */; };
		10F338211ABC96C300EC9009 /* Cal@3x.png in Resources */ = {isa = PBXBuildFile; fileRef = 10F338141ABC96C300EC9009 /* Cal@3x.png */; };
		10F338221ABC96C300EC9009 /* cal1.png in Resources */ = {isa = PBXBuildFile; fileRef = 10F338151ABC96C300EC9009 /* cal1.png */; };
		10F338231ABC96C300EC9009 /* Home@1x.png in Resources */ = {isa = PBXBuildFile; fileRef = 10F338161ABC96C300EC9009 /* Home@1x.png */; };
		10F338241ABC96C300EC9009 /* Home@2x.png in Resources */ = {isa = PBXBuildFile; fileRef = 10F338171ABC96C300EC9009 /* Home@2x.png */; };
		10F338251ABC96C300EC9009 /* Home@3x.png in Resources */ = {isa = PBXBuildFile; fileRef = 10F338181ABC96C300EC9009 /* Home@3x.png */; };
		10F338261ABC96C300EC9009 /* Pencil@1x.png in Resources */ = {isa = PBXBuildFile; fileRef = 10F338191ABC96C300EC9009 /* Pencil@1x.png */; };
		10F338271ABC96C300EC9009 /* Pencil@2x.png in Resources */ = {isa = PBXBuildFile; fileRef = 10F3381A1ABC96C300EC9009 /* Pencil@2x.png */; };
		10F338281ABC96C300EC9009 /* Pencil@3x.png in Resources */ = {isa = PBXBuildFile; fileRef = 10F3381B1ABC96C300EC9009 /* Pencil@3x.png */; };
		10F3382A1ABC970500EC9009 /* Main.storyboard in Resources */ = {isa = PBXBuildFile; fileRef = 10F338291ABC970500EC9009 /* Main.storyboard */; };
/* End PBXBuildFile section */

/* Begin PBXContainerItemProxy section */
		1081EB2A1AB3B8A900BEB2EC /* PBXContainerItemProxy */ = {
			isa = PBXContainerItemProxy;
			containerPortal = 1081EB0A1AB3B8A900BEB2EC /* Project object */;
			proxyType = 1;
			remoteGlobalIDString = 1081EB111AB3B8A900BEB2EC;
			remoteInfo = myCH;
		};
/* End PBXContainerItemProxy section */

/* Begin PBXFileReference section */
		100588861ACA35FC003CA13A /* level.png */ = {isa = PBXFileReference; lastKnownFileType = image.png; path = level.png; sourceTree = "<group>"; };
		100E33F01AC73DC000B1A696 /* tabBarController.swift */ = {isa = PBXFileReference; fileEncoding = 4; lastKnownFileType = sourcecode.swift; path = tabBarController.swift; sourceTree = "<group>"; };
		100E33F21AC77C2B00B1A696 /* cashOutVC.swift */ = {isa = PBXFileReference; fileEncoding = 4; lastKnownFileType = sourcecode.swift; path = cashOutVC.swift; sourceTree = "<group>"; };
		100E33F41AC784D600B1A696 /* cardRedeemed.swift */ = {isa = PBXFileReference; fileEncoding = 4; lastKnownFileType = sourcecode.swift; path = cardRedeemed.swift; sourceTree = "<group>"; };
		10179F2C1AC6559300132921 /* pointsView.swift */ = {isa = PBXFileReference; fileEncoding = 4; lastKnownFileType = sourcecode.swift; path = pointsView.swift; sourceTree = "<group>"; };
		10522B861AB499950074E7E0 /* DropDown.png */ = {isa = PBXFileReference; lastKnownFileType = image.png; path = DropDown.png; sourceTree = "<group>"; };
		105D9E5E1AB62001009868A7 /* LabPage.swift */ = {isa = PBXFileReference; fileEncoding = 4; lastKnownFileType = sourcecode.swift; path = LabPage.swift; sourceTree = "<group>"; };
		105D9E611AB628AE009868A7 /* LabDelegate.swift */ = {isa = PBXFileReference; fileEncoding = 4; lastKnownFileType = sourcecode.swift; path = LabDelegate.swift; sourceTree = "<group>"; };
		105D9E631AB68772009868A7 /* verifyVC.swift */ = {isa = PBXFileReference; fileEncoding = 4; lastKnownFileType = sourcecode.swift; path = verifyVC.swift; sourceTree = "<group>"; };
		105D9E6C1AB72DD0009868A7 /* medEdit.swift */ = {isa = PBXFileReference; fileEncoding = 4; lastKnownFileType = sourcecode.swift; path = medEdit.swift; sourceTree = "<group>"; };
		105D9E6E1AB72DD7009868A7 /* labEdit.swift */ = {isa = PBXFileReference; fileEncoding = 4; lastKnownFileType = sourcecode.swift; path = labEdit.swift; sourceTree = "<group>"; };
		105D9E701AB72DE6009868A7 /* doctorEdit.swift */ = {isa = PBXFileReference; fileEncoding = 4; lastKnownFileType = sourcecode.swift; path = doctorEdit.swift; sourceTree = "<group>"; };
		1061F9591AB731E00049C31C /* EditEvent.swift */ = {isa = PBXFileReference; fileEncoding = 4; lastKnownFileType = sourcecode.swift; path = EditEvent.swift; sourceTree = "<group>"; };
		1071677F1ABCB8820038C4D0 /* manLogo.png */ = {isa = PBXFileReference; lastKnownFileType = image.png; path = manLogo.png; sourceTree = "<group>"; };
		1081EB121AB3B8A900BEB2EC /* myCH.app */ = {isa = PBXFileReference; explicitFileType = wrapper.application; includeInIndex = 0; path = myCH.app; sourceTree = BUILT_PRODUCTS_DIR; };
		1081EB171AB3B8A900BEB2EC /* AppDelegate.swift */ = {isa = PBXFileReference; lastKnownFileType = sourcecode.swift; path = AppDelegate.swift; sourceTree = "<group>"; };
		1081EB201AB3B8A900BEB2EC /* Images.xcassets */ = {isa = PBXFileReference; lastKnownFileType = folder.assetcatalog; path = Images.xcassets; sourceTree = "<group>"; };
		1081EB291AB3B8A900BEB2EC /* myCHTests.xctest */ = {isa = PBXFileReference; explicitFileType = wrapper.cfbundle; includeInIndex = 0; path = myCHTests.xctest; sourceTree = BUILT_PRODUCTS_DIR; };
		1081EB2E1AB3B8A900BEB2EC /* Info.plist */ = {isa = PBXFileReference; lastKnownFileType = text.plist.xml; path = Info.plist; sourceTree = "<group>"; };
		1081EB2F1AB3B8A900BEB2EC /* myCHTests.swift */ = {isa = PBXFileReference; lastKnownFileType = sourcecode.swift; path = myCHTests.swift; sourceTree = "<group>"; };
		109C4E3E1AB5E428004ED932 /* vitalsDelegate.swift */ = {isa = PBXFileReference; fileEncoding = 4; lastKnownFileType = sourcecode.swift; path = vitalsDelegate.swift; sourceTree = "<group>"; };
		109C4E401AB5E69A004ED932 /* newTrackInfo.swift */ = {isa = PBXFileReference; fileEncoding = 4; lastKnownFileType = sourcecode.swift; path = newTrackInfo.swift; sourceTree = "<group>"; };
		109C4E421AB60C44004ED932 /* TrackResults.swift */ = {isa = PBXFileReference; fileEncoding = 4; lastKnownFileType = sourcecode.swift; path = TrackResults.swift; sourceTree = "<group>"; };
		10A2E44A1AB9AE33002FD832 /* Crashlytics.framework */ = {isa = PBXFileReference; lastKnownFileType = wrapper.framework; path = Crashlytics.framework; sourceTree = "<group>"; };
		10A2E44B1AB9AE33002FD832 /* Fabric.framework */ = {isa = PBXFileReference; lastKnownFileType = wrapper.framework; path = Fabric.framework; sourceTree = "<group>"; };
		10A6BC451AB7509300896358 /* trackTable.swift */ = {isa = PBXFileReference; fileEncoding = 4; lastKnownFileType = sourcecode.swift; path = trackTable.swift; sourceTree = "<group>"; };
		10CD0CA71AB3DC1D00E035B1 /* labForm.swift */ = {isa = PBXFileReference; fileEncoding = 4; lastKnownFileType = sourcecode.swift; path = labForm.swift; sourceTree = "<group>"; };
		10CD0CA91AB3DDBA00E035B1 /* DRApptForm.swift */ = {isa = PBXFileReference; fileEncoding = 4; lastKnownFileType = sourcecode.swift; path = DRApptForm.swift; sourceTree = "<group>"; };
		10CD0CAB1AB3E00500E035B1 /* selectType.swift */ = {isa = PBXFileReference; fileEncoding = 4; lastKnownFileType = sourcecode.swift; path = selectType.swift; sourceTree = "<group>"; };
		10CD12211AB5632900E035B1 /* myCH-Bridging-Header.h */ = {isa = PBXFileReference; lastKnownFileType = sourcecode.c.h; path = "myCH-Bridging-Header.h"; sourceTree = SOURCE_ROOT; };
		10CD12241AB5682500E035B1 /* trackVC.swift */ = {isa = PBXFileReference; fileEncoding = 4; lastKnownFileType = sourcecode.swift; path = trackVC.swift; sourceTree = "<group>"; };
		10CD136A1AB5740C00E035B1 /* myCH-Bridging-Header.h */ = {isa = PBXFileReference; lastKnownFileType = sourcecode.c.h; path = "myCH-Bridging-Header.h"; sourceTree = "<group>"; };
		10D0E0391AB3B96800260524 /* HomeVC.swift */ = {isa = PBXFileReference; fileEncoding = 4; lastKnownFileType = sourcecode.swift; path = HomeVC.swift; sourceTree = "<group>"; };
		10D0E03B1AB3B96F00260524 /* medForm.swift */ = {isa = PBXFileReference; fileEncoding = 4; lastKnownFileType = sourcecode.swift; path = medForm.swift; sourceTree = "<group>"; };
		10D0E03D1AB3B99000260524 /* Info.plist */ = {isa = PBXFileReference; fileEncoding = 4; lastKnownFileType = text.plist.xml; path = Info.plist; sourceTree = "<group>"; };
		10D0E03F1AB3B99D00260524 /* LearnVC.swift */ = {isa = PBXFileReference; fileEncoding = 4; lastKnownFileType = sourcecode.swift; path = LearnVC.swift; sourceTree = "<group>"; };
		10D0E0411AB3B9BA00260524 /* EventTypes.swift */ = {isa = PBXFileReference; fileEncoding = 4; lastKnownFileType = sourcecode.swift; path = EventTypes.swift; sourceTree = "<group>"; };
		10D0E0421AB3B9BA00260524 /* MedicineVC.swift */ = {isa = PBXFileReference; fileEncoding = 4; lastKnownFileType = sourcecode.swift; path = MedicineVC.swift; sourceTree = "<group>"; };
		10D0E0431AB3B9BA00260524 /* MedNavController.swift */ = {isa = PBXFileReference; fileEncoding = 4; lastKnownFileType = sourcecode.swift; path = MedNavController.swift; sourceTree = "<group>"; };
		10D0E0441AB3B9BA00260524 /* MedTable.swift */ = {isa = PBXFileReference; fileEncoding = 4; lastKnownFileType = sourcecode.swift; path = MedTable.swift; sourceTree = "<group>"; };
		10D0E0451AB3B9BA00260524 /* NewMed.swift */ = {isa = PBXFileReference; fileEncoding = 4; lastKnownFileType = sourcecode.swift; path = NewMed.swift; sourceTree = "<group>"; };
		10D0E04B1AB3B9C200260524 /* Question.swift */ = {isa = PBXFileReference; fileEncoding = 4; lastKnownFileType = sourcecode.swift; path = Question.swift; sourceTree = "<group>"; };
		10D0E04D1AB3B9CC00260524 /* Raleway-ExtraLight.ttf */ = {isa = PBXFileReference; lastKnownFileType = file; path = "Raleway-ExtraLight.ttf"; sourceTree = "<group>"; };
		10D0E04E1AB3B9CC00260524 /* Raleway-Light.ttf */ = {isa = PBXFileReference; lastKnownFileType = file; path = "Raleway-Light.ttf"; sourceTree = "<group>"; };
		10D0E04F1AB3B9CC00260524 /* Raleway-Regular.ttf */ = {isa = PBXFileReference; lastKnownFileType = file; path = "Raleway-Regular.ttf"; sourceTree = "<group>"; };
		10D0E0501AB3B9CC00260524 /* Raleway-SemiBold.ttf */ = {isa = PBXFileReference; lastKnownFileType = file; path = "Raleway-SemiBold.ttf"; sourceTree = "<group>"; };
		10D0E0511AB3B9CC00260524 /* Raleway-Thin.ttf */ = {isa = PBXFileReference; lastKnownFileType = file; path = "Raleway-Thin.ttf"; sourceTree = "<group>"; };
		10D0E05B1AB3BA9200260524 /* LaunchScreen.xib */ = {isa = PBXFileReference; fileEncoding = 4; lastKnownFileType = file.xib; path = LaunchScreen.xib; sourceTree = "<group>"; };
		10D0E05D1AB3BABF00260524 /* dropDown.swift */ = {isa = PBXFileReference; fileEncoding = 4; lastKnownFileType = sourcecode.swift; path = dropDown.swift; sourceTree = "<group>"; };
		10D7DC101AB8A86E003285A5 /* generic.jpg */ = {isa = PBXFileReference; lastKnownFileType = image.jpeg; path = generic.jpg; sourceTree = "<group>"; };
		10D7DC431AB8C0F2003285A5 /* LoginBackEnd.swift */ = {isa = PBXFileReference; fileEncoding = 4; lastKnownFileType = sourcecode.swift; path = LoginBackEnd.swift; sourceTree = "<group>"; };
		10D7DC451AB90163003285A5 /* editProfile.swift */ = {isa = PBXFileReference; fileEncoding = 4; lastKnownFileType = sourcecode.swift; path = editProfile.swift; sourceTree = "<group>"; };
		10E8D5631AB764F80070EFA7 /* myCH.png */ = {isa = PBXFileReference; lastKnownFileType = image.png; path = myCH.png; sourceTree = "<group>"; };
		10E8D5661AB76CB10070EFA7 /* LoginVC.swift */ = {isa = PBXFileReference; fileEncoding = 4; lastKnownFileType = sourcecode.swift; path = LoginVC.swift; sourceTree = "<group>"; };
		10E8D5681AB78C380070EFA7 /* RegistrationPage.swift */ = {isa = PBXFileReference; fileEncoding = 4; lastKnownFileType = sourcecode.swift; path = RegistrationPage.swift; sourceTree = "<group>"; };
		10E8D56A1AB7D4600070EFA7 /* divider.png */ = {isa = PBXFileReference; lastKnownFileType = image.png; path = divider.png; sourceTree = "<group>"; };
		10E8D56C1AB7F1F20070EFA7 /* user.swift */ = {isa = PBXFileReference; fileEncoding = 4; lastKnownFileType = sourcecode.swift; path = user.swift; sourceTree = "<group>"; };
		10F3380F1ABC96C300EC9009 /* Bar@1x.png */ = {isa = PBXFileReference; lastKnownFileType = image.png; path = "Bar@1x.png"; sourceTree = "<group>"; };
		10F338101ABC96C300EC9009 /* Bar@2x.png */ = {isa = PBXFileReference; lastKnownFileType = image.png; path = "Bar@2x.png"; sourceTree = "<group>"; };
		10F338111ABC96C300EC9009 /* Bar@3x.png */ = {isa = PBXFileReference; lastKnownFileType = image.png; path = "Bar@3x.png"; sourceTree = "<group>"; };
		10F338121ABC96C300EC9009 /* Cal@1x.png */ = {isa = PBXFileReference; lastKnownFileType = image.png; path = "Cal@1x.png"; sourceTree = "<group>"; };
		10F338131ABC96C300EC9009 /* Cal@2x.png */ = {isa = PBXFileReference; lastKnownFileType = image.png; path = "Cal@2x.png"; sourceTree = "<group>"; };
		10F338141ABC96C300EC9009 /* Cal@3x.png */ = {isa = PBXFileReference; lastKnownFileType = image.png; path = "Cal@3x.png"; sourceTree = "<group>"; };
		10F338151ABC96C300EC9009 /* cal1.png */ = {isa = PBXFileReference; lastKnownFileType = image.png; path = cal1.png; sourceTree = "<group>"; };
		10F338161ABC96C300EC9009 /* Home@1x.png */ = {isa = PBXFileReference; lastKnownFileType = image.png; path = "Home@1x.png"; sourceTree = "<group>"; };
		10F338171ABC96C300EC9009 /* Home@2x.png */ = {isa = PBXFileReference; lastKnownFileType = image.png; path = "Home@2x.png"; sourceTree = "<group>"; };
		10F338181ABC96C300EC9009 /* Home@3x.png */ = {isa = PBXFileReference; lastKnownFileType = image.png; path = "Home@3x.png"; sourceTree = "<group>"; };
		10F338191ABC96C300EC9009 /* Pencil@1x.png */ = {isa = PBXFileReference; lastKnownFileType = image.png; path = "Pencil@1x.png"; sourceTree = "<group>"; };
		10F3381A1ABC96C300EC9009 /* Pencil@2x.png */ = {isa = PBXFileReference; lastKnownFileType = image.png; path = "Pencil@2x.png"; sourceTree = "<group>"; };
		10F3381B1ABC96C300EC9009 /* Pencil@3x.png */ = {isa = PBXFileReference; lastKnownFileType = image.png; path = "Pencil@3x.png"; sourceTree = "<group>"; };
		10F338291ABC970500EC9009 /* Main.storyboard */ = {isa = PBXFileReference; fileEncoding = 4; lastKnownFileType = file.storyboard; path = Main.storyboard; sourceTree = "<group>"; };
/* End PBXFileReference section */

/* Begin PBXFrameworksBuildPhase section */
		1081EB0F1AB3B8A900BEB2EC /* Frameworks */ = {
			isa = PBXFrameworksBuildPhase;
			buildActionMask = 2147483647;
			files = (
				10A2E44C1AB9AE33002FD832 /* Crashlytics.framework in Frameworks */,
				10A2E44D1AB9AE33002FD832 /* Fabric.framework in Frameworks */,
			);
			runOnlyForDeploymentPostprocessing = 0;
		};
		1081EB261AB3B8A900BEB2EC /* Frameworks */ = {
			isa = PBXFrameworksBuildPhase;
			buildActionMask = 2147483647;
			files = (
			);
			runOnlyForDeploymentPostprocessing = 0;
		};
/* End PBXFrameworksBuildPhase section */

/* Begin PBXGroup section */
		105D9E601AB62889009868A7 /* Delegates */ = {
			isa = PBXGroup;
			children = (
				10A6BC451AB7509300896358 /* trackTable.swift */,
				109C4E3E1AB5E428004ED932 /* vitalsDelegate.swift */,
				105D9E611AB628AE009868A7 /* LabDelegate.swift */,
			);
			name = Delegates;
			sourceTree = "<group>";
		};
		105D9E651AB72D2E009868A7 /* EditTable */ = {
			isa = PBXGroup;
			children = (
				105D9E6C1AB72DD0009868A7 /* medEdit.swift */,
				105D9E6E1AB72DD7009868A7 /* labEdit.swift */,
				105D9E701AB72DE6009868A7 /* doctorEdit.swift */,
			);
			name = EditTable;
			sourceTree = "<group>";
		};
		1081EB091AB3B8A900BEB2EC = {
			isa = PBXGroup;
			children = (
				10A2E44A1AB9AE33002FD832 /* Crashlytics.framework */,
				10A2E44B1AB9AE33002FD832 /* Fabric.framework */,
				10CD12211AB5632900E035B1 /* myCH-Bridging-Header.h */,
				1081EB141AB3B8A900BEB2EC /* myCH */,
				1081EB2C1AB3B8A900BEB2EC /* myCHTests */,
				1081EB131AB3B8A900BEB2EC /* Products */,
				10CD136A1AB5740C00E035B1 /* myCH-Bridging-Header.h */,
			);
			sourceTree = "<group>";
		};
		1081EB131AB3B8A900BEB2EC /* Products */ = {
			isa = PBXGroup;
			children = (
				1081EB121AB3B8A900BEB2EC /* myCH.app */,
				1081EB291AB3B8A900BEB2EC /* myCHTests.xctest */,
			);
			name = Products;
			sourceTree = "<group>";
		};
		1081EB141AB3B8A900BEB2EC /* myCH */ = {
			isa = PBXGroup;
			children = (
				1081EB171AB3B8A900BEB2EC /* AppDelegate.swift */,
				100E33F01AC73DC000B1A696 /* tabBarController.swift */,
				10179F2C1AC6559300132921 /* pointsView.swift */,
				10F338291ABC970500EC9009 /* Main.storyboard */,
				10D0E05B1AB3BA9200260524 /* LaunchScreen.xib */,
				10E8D5651AB76CA30070EFA7 /* LogInPage */,
				10CD12221AB563DC00E035B1 /* Home */,
				10D0E0581AB3BA2500260524 /* Schedule */,
				10CD12231AB563E700E035B1 /* Track */,
				10D0E0571AB3BA0C00260524 /* Learn */,
				1081EB201AB3B8A900BEB2EC /* Images.xcassets */,
				1081EB151AB3B8A900BEB2EC /* Supporting Files */,
			);
			path = myCH;
			sourceTree = "<group>";
		};
		1081EB151AB3B8A900BEB2EC /* Supporting Files */ = {
			isa = PBXGroup;
			children = (
				100588861ACA35FC003CA13A /* level.png */,
				10D7DC101AB8A86E003285A5 /* generic.jpg */,
				10E8D56A1AB7D4600070EFA7 /* divider.png */,
				10E8D5631AB764F80070EFA7 /* myCH.png */,
				1071677F1ABCB8820038C4D0 /* manLogo.png */,
				10522B861AB499950074E7E0 /* DropDown.png */,
				10CD0C9D1AB3C7EC00E035B1 /* TabIcons */,
				10D0E0561AB3B9E600260524 /* Raleway.ttf */,
				10D0E03D1AB3B99000260524 /* Info.plist */,
			);
			name = "Supporting Files";
			sourceTree = "<group>";
		};
		1081EB2C1AB3B8A900BEB2EC /* myCHTests */ = {
			isa = PBXGroup;
			children = (
				1081EB2F1AB3B8A900BEB2EC /* myCHTests.swift */,
				1081EB2D1AB3B8A900BEB2EC /* Supporting Files */,
			);
			path = myCHTests;
			sourceTree = "<group>";
		};
		1081EB2D1AB3B8A900BEB2EC /* Supporting Files */ = {
			isa = PBXGroup;
			children = (
				1081EB2E1AB3B8A900BEB2EC /* Info.plist */,
			);
			name = "Supporting Files";
			sourceTree = "<group>";
		};
		10CD0C9D1AB3C7EC00E035B1 /* TabIcons */ = {
			isa = PBXGroup;
			children = (
				10F3380F1ABC96C300EC9009 /* Bar@1x.png */,
				10F338101ABC96C300EC9009 /* Bar@2x.png */,
				10F338111ABC96C300EC9009 /* Bar@3x.png */,
				10F338121ABC96C300EC9009 /* Cal@1x.png */,
				10F338131ABC96C300EC9009 /* Cal@2x.png */,
				10F338141ABC96C300EC9009 /* Cal@3x.png */,
				10F338151ABC96C300EC9009 /* cal1.png */,
				10F338161ABC96C300EC9009 /* Home@1x.png */,
				10F338171ABC96C300EC9009 /* Home@2x.png */,
				10F338181ABC96C300EC9009 /* Home@3x.png */,
				10F338191ABC96C300EC9009 /* Pencil@1x.png */,
				10F3381A1ABC96C300EC9009 /* Pencil@2x.png */,
				10F3381B1ABC96C300EC9009 /* Pencil@3x.png */,
			);
			name = TabIcons;
			sourceTree = "<group>";
		};
		10CD0CA61AB3DC0B00E035B1 /* Tables */ = {
			isa = PBXGroup;
			children = (
				10D0E05D1AB3BABF00260524 /* dropDown.swift */,
				10D0E03B1AB3B96F00260524 /* medForm.swift */,
				10CD0CAB1AB3E00500E035B1 /* selectType.swift */,
				10CD0CA71AB3DC1D00E035B1 /* labForm.swift */,
				10CD0CA91AB3DDBA00E035B1 /* DRApptForm.swift */,
			);
			name = Tables;
			sourceTree = "<group>";
		};
		10CD12221AB563DC00E035B1 /* Home */ = {
			isa = PBXGroup;
			children = (
				10D0E0391AB3B96800260524 /* HomeVC.swift */,
				100E33F21AC77C2B00B1A696 /* cashOutVC.swift */,
				100E33F41AC784D600B1A696 /* cardRedeemed.swift */,
				10D7DC451AB90163003285A5 /* editProfile.swift */,
			);
			name = Home;
			sourceTree = "<group>";
		};
		10CD12231AB563E700E035B1 /* Track */ = {
			isa = PBXGroup;
			children = (
				10CD12241AB5682500E035B1 /* trackVC.swift */,
				109C4E401AB5E69A004ED932 /* newTrackInfo.swift */,
				105D9E5E1AB62001009868A7 /* LabPage.swift */,
				109C4E421AB60C44004ED932 /* TrackResults.swift */,
				105D9E601AB62889009868A7 /* Delegates */,
				105D9E631AB68772009868A7 /* verifyVC.swift */,
			);
			name = Track;
			sourceTree = "<group>";
		};
		10D0E0561AB3B9E600260524 /* Raleway.ttf */ = {
			isa = PBXGroup;
			children = (
				10D0E04D1AB3B9CC00260524 /* Raleway-ExtraLight.ttf */,
				10D0E04E1AB3B9CC00260524 /* Raleway-Light.ttf */,
				10D0E04F1AB3B9CC00260524 /* Raleway-Regular.ttf */,
				10D0E0501AB3B9CC00260524 /* Raleway-SemiBold.ttf */,
				10D0E0511AB3B9CC00260524 /* Raleway-Thin.ttf */,
			);
			name = Raleway.ttf;
			sourceTree = "<group>";
		};
		10D0E0571AB3BA0C00260524 /* Learn */ = {
			isa = PBXGroup;
			children = (
				10D0E03F1AB3B99D00260524 /* LearnVC.swift */,
				10D0E04B1AB3B9C200260524 /* Question.swift */,
			);
			name = Learn;
			sourceTree = "<group>";
		};
		10D0E0581AB3BA2500260524 /* Schedule */ = {
			isa = PBXGroup;
			children = (
				10D0E0431AB3B9BA00260524 /* MedNavController.swift */,
				10D0E0421AB3B9BA00260524 /* MedicineVC.swift */,
				10D0E0441AB3B9BA00260524 /* MedTable.swift */,
				10D0E0411AB3B9BA00260524 /* EventTypes.swift */,
				10D0E0451AB3B9BA00260524 /* NewMed.swift */,
				1061F9591AB731E00049C31C /* EditEvent.swift */,
				10CD0CA61AB3DC0B00E035B1 /* Tables */,
				105D9E651AB72D2E009868A7 /* EditTable */,
			);
			name = Schedule;
			sourceTree = "<group>";
		};
		10E8D5651AB76CA30070EFA7 /* LogInPage */ = {
			isa = PBXGroup;
			children = (
				10E8D5661AB76CB10070EFA7 /* LoginVC.swift */,
				10D7DC431AB8C0F2003285A5 /* LoginBackEnd.swift */,
				10E8D5681AB78C380070EFA7 /* RegistrationPage.swift */,
				10E8D56C1AB7F1F20070EFA7 /* user.swift */,
			);
			name = LogInPage;
			sourceTree = "<group>";
		};
/* End PBXGroup section */

/* Begin PBXNativeTarget section */
		1081EB111AB3B8A900BEB2EC /* myCH */ = {
			isa = PBXNativeTarget;
			buildConfigurationList = 1081EB331AB3B8A900BEB2EC /* Build configuration list for PBXNativeTarget "myCH" */;
			buildPhases = (
				1081EB0E1AB3B8A900BEB2EC /* Sources */,
				1081EB0F1AB3B8A900BEB2EC /* Frameworks */,
				1081EB101AB3B8A900BEB2EC /* Resources */,
				10A2E4491AB9ADF0002FD832 /* ShellScript */,
			);
			buildRules = (
			);
			dependencies = (
			);
			name = myCH;
			productName = myCH;
			productReference = 1081EB121AB3B8A900BEB2EC /* myCH.app */;
			productType = "com.apple.product-type.application";
		};
		1081EB281AB3B8A900BEB2EC /* myCHTests */ = {
			isa = PBXNativeTarget;
			buildConfigurationList = 1081EB361AB3B8A900BEB2EC /* Build configuration list for PBXNativeTarget "myCHTests" */;
			buildPhases = (
				1081EB251AB3B8A900BEB2EC /* Sources */,
				1081EB261AB3B8A900BEB2EC /* Frameworks */,
				1081EB271AB3B8A900BEB2EC /* Resources */,
			);
			buildRules = (
			);
			dependencies = (
				1081EB2B1AB3B8A900BEB2EC /* PBXTargetDependency */,
			);
			name = myCHTests;
			productName = myCHTests;
			productReference = 1081EB291AB3B8A900BEB2EC /* myCHTests.xctest */;
			productType = "com.apple.product-type.bundle.unit-test";
		};
/* End PBXNativeTarget section */

/* Begin PBXProject section */
		1081EB0A1AB3B8A900BEB2EC /* Project object */ = {
			isa = PBXProject;
			attributes = {
				LastUpgradeCheck = 0620;
				ORGANIZATIONNAME = "Jeet Patel";
				TargetAttributes = {
					1081EB111AB3B8A900BEB2EC = {
						CreatedOnToolsVersion = 6.2;
						DevelopmentTeam = CPDEXJDESH;
					};
					1081EB281AB3B8A900BEB2EC = {
						CreatedOnToolsVersion = 6.2;
						TestTargetID = 1081EB111AB3B8A900BEB2EC;
					};
				};
			};
			buildConfigurationList = 1081EB0D1AB3B8A900BEB2EC /* Build configuration list for PBXProject "myCH" */;
			compatibilityVersion = "Xcode 3.2";
			developmentRegion = English;
			hasScannedForEncodings = 0;
			knownRegions = (
				en,
				Base,
				English,
			);
			mainGroup = 1081EB091AB3B8A900BEB2EC;
			productRefGroup = 1081EB131AB3B8A900BEB2EC /* Products */;
			projectDirPath = "";
			projectRoot = "";
			targets = (
				1081EB111AB3B8A900BEB2EC /* myCH */,
				1081EB281AB3B8A900BEB2EC /* myCHTests */,
			);
		};
/* End PBXProject section */

/* Begin PBXResourcesBuildPhase section */
		1081EB101AB3B8A900BEB2EC /* Resources */ = {
			isa = PBXResourcesBuildPhase;
			buildActionMask = 2147483647;
			files = (
				10D0E0601AB3C08300260524 /* Raleway-ExtraLight.ttf in Resources */,
				10E8D56B1AB7D4600070EFA7 /* divider.png in Resources */,
				10D0E0611AB3C08300260524 /* Raleway-Light.ttf in Resources */,
				10D0E0621AB3C08300260524 /* Raleway-Regular.ttf in Resources */,
				10D0E0631AB3C08300260524 /* Raleway-SemiBold.ttf in Resources */,
				10F3381C1ABC96C300EC9009 /* Bar@1x.png in Resources */,
				10F3382A1ABC970500EC9009 /* Main.storyboard in Resources */,
				10E8D5641AB764F80070EFA7 /* myCH.png in Resources */,
				10F3381F1ABC96C300EC9009 /* Cal@1x.png in Resources */,
				10F338231ABC96C300EC9009 /* Home@1x.png in Resources */,
				10D7DC111AB8A86E003285A5 /* generic.jpg in Resources */,
				107167801ABCB8820038C4D0 /* manLogo.png in Resources */,
				10F338211ABC96C300EC9009 /* Cal@3x.png in Resources */,
				10D0E0641AB3C08300260524 /* Raleway-Thin.ttf in Resources */,
				10F338251ABC96C300EC9009 /* Home@3x.png in Resources */,
				10D0E05C1AB3BA9200260524 /* LaunchScreen.xib in Resources */,
				10F338271ABC96C300EC9009 /* Pencil@2x.png in Resources */,
				1081EB211AB3B8A900BEB2EC /* Images.xcassets in Resources */,
				10F338201ABC96C300EC9009 /* Cal@2x.png in Resources */,
				10F3381D1ABC96C300EC9009 /* Bar@2x.png in Resources */,
				10F338221ABC96C300EC9009 /* cal1.png in Resources */,
				10F3381E1ABC96C300EC9009 /* Bar@3x.png in Resources */,
				10F338261ABC96C300EC9009 /* Pencil@1x.png in Resources */,
				10D0E03E1AB3B99000260524 /* Info.plist in Resources */,
				10522B871AB499950074E7E0 /* DropDown.png in Resources */,
				100588871ACA35FC003CA13A /* level.png in Resources */,
				10F338281ABC96C300EC9009 /* Pencil@3x.png in Resources */,
				10F338241ABC96C300EC9009 /* Home@2x.png in Resources */,
			);
			runOnlyForDeploymentPostprocessing = 0;
		};
		1081EB271AB3B8A900BEB2EC /* Resources */ = {
			isa = PBXResourcesBuildPhase;
			buildActionMask = 2147483647;
			files = (
			);
			runOnlyForDeploymentPostprocessing = 0;
		};
/* End PBXResourcesBuildPhase section */

/* Begin PBXShellScriptBuildPhase section */
		10A2E4491AB9ADF0002FD832 /* ShellScript */ = {
			isa = PBXShellScriptBuildPhase;
			buildActionMask = 2147483647;
			files = (
			);
			inputPaths = (
			);
			outputPaths = (
			);
			runOnlyForDeploymentPostprocessing = 0;
			shellPath = /bin/sh;
			shellScript = "./Fabric.framework/run a6321306b54a00861c62e79bf5de12cc4d05c025 d32435acd1bade04d0ffdcc301b78fc4ba12a672c352da1df75b81c5cd8e42ae";
		};
/* End PBXShellScriptBuildPhase section */

/* Begin PBXSourcesBuildPhase section */
		1081EB0E1AB3B8A900BEB2EC /* Sources */ = {
			isa = PBXSourcesBuildPhase;
			buildActionMask = 2147483647;
			files = (
				10A6BC461AB7509300896358 /* trackTable.swift in Sources */,
				10D0E0471AB3B9BA00260524 /* MedicineVC.swift in Sources */,
				10D0E03C1AB3B96F00260524 /* medForm.swift in Sources */,
				1081EB181AB3B8A900BEB2EC /* AppDelegate.swift in Sources */,
				105D9E6F1AB72DD7009868A7 /* labEdit.swift in Sources */,
				105D9E6D1AB72DD0009868A7 /* medEdit.swift in Sources */,
				100E33F31AC77C2B00B1A696 /* cashOutVC.swift in Sources */,
				10179F2D1AC6559300132921 /* pointsView.swift in Sources */,
				109C4E411AB5E69A004ED932 /* newTrackInfo.swift in Sources */,
				10D0E04A1AB3B9BA00260524 /* NewMed.swift in Sources */,
				1061F95A1AB731E00049C31C /* EditEvent.swift in Sources */,
				109C4E3F1AB5E428004ED932 /* vitalsDelegate.swift in Sources */,
				105D9E5F1AB62001009868A7 /* LabPage.swift in Sources */,
				10D7DC461AB90163003285A5 /* editProfile.swift in Sources */,
				10D0E0461AB3B9BA00260524 /* EventTypes.swift in Sources */,
				10D0E04C1AB3B9C200260524 /* Question.swift in Sources */,
				10D7DC441AB8C0F2003285A5 /* LoginBackEnd.swift in Sources */,
				10CD0CAA1AB3DDBA00E035B1 /* DRApptForm.swift in Sources */,
				10E8D56D1AB7F1F20070EFA7 /* user.swift in Sources */,
				10D0E0481AB3B9BA00260524 /* MedNavController.swift in Sources */,
				10E8D5671AB76CB10070EFA7 /* LoginVC.swift in Sources */,
				10D0E05E1AB3BABF00260524 /* dropDown.swift in Sources */,
				10D0E03A1AB3B96800260524 /* HomeVC.swift in Sources */,
				10D0E0401AB3B99D00260524 /* LearnVC.swift in Sources */,
				109C4E431AB60C44004ED932 /* TrackResults.swift in Sources */,
				100E33F51AC784D700B1A696 /* cardRedeemed.swift in Sources */,
				10CD0CA81AB3DC1D00E035B1 /* labForm.swift in Sources */,
				100E33F11AC73DC000B1A696 /* tabBarController.swift in Sources */,
				10CD0CAC1AB3E00500E035B1 /* selectType.swift in Sources */,
				105D9E711AB72DE6009868A7 /* doctorEdit.swift in Sources */,
				105D9E621AB628AE009868A7 /* LabDelegate.swift in Sources */,
				10E8D5691AB78C380070EFA7 /* RegistrationPage.swift in Sources */,
				105D9E641AB68772009868A7 /* verifyVC.swift in Sources */,
				10D0E0491AB3B9BA00260524 /* MedTable.swift in Sources */,
				10CD12251AB5682500E035B1 /* trackVC.swift in Sources */,
			);
			runOnlyForDeploymentPostprocessing = 0;
		};
		1081EB251AB3B8A900BEB2EC /* Sources */ = {
			isa = PBXSourcesBuildPhase;
			buildActionMask = 2147483647;
			files = (
				1081EB301AB3B8A900BEB2EC /* myCHTests.swift in Sources */,
			);
			runOnlyForDeploymentPostprocessing = 0;
		};
/* End PBXSourcesBuildPhase section */

/* Begin PBXTargetDependency section */
		1081EB2B1AB3B8A900BEB2EC /* PBXTargetDependency */ = {
			isa = PBXTargetDependency;
			target = 1081EB111AB3B8A900BEB2EC /* myCH */;
			targetProxy = 1081EB2A1AB3B8A900BEB2EC /* PBXContainerItemProxy */;
		};
/* End PBXTargetDependency section */

/* Begin XCBuildConfiguration section */
		1081EB311AB3B8A900BEB2EC /* Debug */ = {
			isa = XCBuildConfiguration;
			buildSettings = {
				ALWAYS_SEARCH_USER_PATHS = NO;
				CLANG_CXX_LANGUAGE_STANDARD = "gnu++0x";
				CLANG_CXX_LIBRARY = "libc++";
				CLANG_ENABLE_MODULES = YES;
				CLANG_ENABLE_OBJC_ARC = YES;
				CLANG_WARN_BOOL_CONVERSION = YES;
				CLANG_WARN_CONSTANT_CONVERSION = YES;
				CLANG_WARN_DIRECT_OBJC_ISA_USAGE = YES_ERROR;
				CLANG_WARN_EMPTY_BODY = YES;
				CLANG_WARN_ENUM_CONVERSION = YES;
				CLANG_WARN_INT_CONVERSION = YES;
				CLANG_WARN_OBJC_ROOT_CLASS = YES_ERROR;
				CLANG_WARN_UNREACHABLE_CODE = YES;
				CLANG_WARN__DUPLICATE_METHOD_MATCH = YES;
				"CODE_SIGN_IDENTITY[sdk=iphoneos*]" = "iPhone Developer";
				COPY_PHASE_STRIP = NO;
				ENABLE_STRICT_OBJC_MSGSEND = YES;
				GCC_C_LANGUAGE_STANDARD = gnu99;
				GCC_DYNAMIC_NO_PIC = NO;
				GCC_OPTIMIZATION_LEVEL = 0;
				GCC_PREPROCESSOR_DEFINITIONS = (
					"DEBUG=1",
					"$(inherited)",
				);
				GCC_SYMBOLS_PRIVATE_EXTERN = NO;
				GCC_WARN_64_TO_32_BIT_CONVERSION = YES;
				GCC_WARN_ABOUT_RETURN_TYPE = YES_ERROR;
				GCC_WARN_UNDECLARED_SELECTOR = YES;
				GCC_WARN_UNINITIALIZED_AUTOS = YES_AGGRESSIVE;
				GCC_WARN_UNUSED_FUNCTION = YES;
				GCC_WARN_UNUSED_VARIABLE = YES;
				IPHONEOS_DEPLOYMENT_TARGET = 8.2;
				MTL_ENABLE_DEBUG_INFO = YES;
				ONLY_ACTIVE_ARCH = YES;
				SDKROOT = iphoneos;
				SWIFT_OPTIMIZATION_LEVEL = "-Onone";
			};
			name = Debug;
		};
		1081EB321AB3B8A900BEB2EC /* Release */ = {
			isa = XCBuildConfiguration;
			buildSettings = {
				ALWAYS_SEARCH_USER_PATHS = NO;
				CLANG_CXX_LANGUAGE_STANDARD = "gnu++0x";
				CLANG_CXX_LIBRARY = "libc++";
				CLANG_ENABLE_MODULES = YES;
				CLANG_ENABLE_OBJC_ARC = YES;
				CLANG_WARN_BOOL_CONVERSION = YES;
				CLANG_WARN_CONSTANT_CONVERSION = YES;
				CLANG_WARN_DIRECT_OBJC_ISA_USAGE = YES_ERROR;
				CLANG_WARN_EMPTY_BODY = YES;
				CLANG_WARN_ENUM_CONVERSION = YES;
				CLANG_WARN_INT_CONVERSION = YES;
				CLANG_WARN_OBJC_ROOT_CLASS = YES_ERROR;
				CLANG_WARN_UNREACHABLE_CODE = YES;
				CLANG_WARN__DUPLICATE_METHOD_MATCH = YES;
				"CODE_SIGN_IDENTITY[sdk=iphoneos*]" = "iPhone Developer";
				COPY_PHASE_STRIP = NO;
				ENABLE_NS_ASSERTIONS = NO;
				ENABLE_STRICT_OBJC_MSGSEND = YES;
				GCC_C_LANGUAGE_STANDARD = gnu99;
				GCC_WARN_64_TO_32_BIT_CONVERSION = YES;
				GCC_WARN_ABOUT_RETURN_TYPE = YES_ERROR;
				GCC_WARN_UNDECLARED_SELECTOR = YES;
				GCC_WARN_UNINITIALIZED_AUTOS = YES_AGGRESSIVE;
				GCC_WARN_UNUSED_FUNCTION = YES;
				GCC_WARN_UNUSED_VARIABLE = YES;
				IPHONEOS_DEPLOYMENT_TARGET = 8.2;
				MTL_ENABLE_DEBUG_INFO = NO;
				SDKROOT = iphoneos;
				VALIDATE_PRODUCT = YES;
			};
			name = Release;
		};
		1081EB341AB3B8A900BEB2EC /* Debug */ = {
			isa = XCBuildConfiguration;
			buildSettings = {
				ASSETCATALOG_COMPILER_APPICON_NAME = AppIcon;
				CLANG_ENABLE_MODULES = YES;
				CODE_SIGN_IDENTITY = "iPhone Developer";
				FRAMEWORK_SEARCH_PATHS = (
					"$(SRCROOT)",
					"$(PROJECT_DIR)",
				);
				HEADER_SEARCH_PATHS = (
					"$(inherited)",
					"/Users/Jeet/Desktop/core-plot-master/framework/**",
					"/Users/Jeet/Desktop/Xcode-Beta.app/Contents/Developer/Toolchains/XcodeDefault.xctoolchain/usr/include",
				);
				INFOPLIST_FILE = myCH/Info.plist;
				IPHONEOS_DEPLOYMENT_TARGET = 8.0;
				LD_RUNPATH_SEARCH_PATHS = "$(inherited) @executable_path/Frameworks";
				LIBRARY_SEARCH_PATHS = (
					"$(PROJECT_DIR)/myCH/iOS",
					"$(PROJECT_DIR)/myCH",
				);
				OTHER_LDFLAGS = "-ObjC";
				PRODUCT_NAME = "$(TARGET_NAME)";
				SWIFT_OBJC_BRIDGING_HEADER = "myCH-Bridging-Header.h";
				SWIFT_OPTIMIZATION_LEVEL = "-Onone";
			};
			name = Debug;
		};
		1081EB351AB3B8A900BEB2EC /* Release */ = {
			isa = XCBuildConfiguration;
			buildSettings = {
				ASSETCATALOG_COMPILER_APPICON_NAME = AppIcon;
				CLANG_ENABLE_MODULES = YES;
				CODE_SIGN_IDENTITY = "iPhone Developer";
				FRAMEWORK_SEARCH_PATHS = (
					"$(SRCROOT)",
					"$(PROJECT_DIR)",
				);
				HEADER_SEARCH_PATHS = (
					"$(inherited)",
					"/Users/Jeet/Desktop/core-plot-master/framework/**",
					"/Users/Jeet/Desktop/Xcode-Beta.app/Contents/Developer/Toolchains/XcodeDefault.xctoolchain/usr/include",
				);
				INFOPLIST_FILE = myCH/Info.plist;
				IPHONEOS_DEPLOYMENT_TARGET = 8.0;
				LD_RUNPATH_SEARCH_PATHS = "$(inherited) @executable_path/Frameworks";
				LIBRARY_SEARCH_PATHS = (
					"$(PROJECT_DIR)/myCH/iOS",
					"$(PROJECT_DIR)/myCH",
				);
				OTHER_LDFLAGS = "-ObjC";
				PRODUCT_NAME = "$(TARGET_NAME)";
				SWIFT_OBJC_BRIDGING_HEADER = "myCH-Bridging-Header.h";
			};
			name = Release;
		};
		1081EB371AB3B8A900BEB2EC /* Debug */ = {
			isa = XCBuildConfiguration;
			buildSettings = {
				BUNDLE_LOADER = "$(TEST_HOST)";
				FRAMEWORK_SEARCH_PATHS = (
					"$(SDKROOT)/Developer/Library/Frameworks",
					"$(inherited)",
				);
				GCC_PREPROCESSOR_DEFINITIONS = (
					"DEBUG=1",
					"$(inherited)",
				);
				INFOPLIST_FILE = myCHTests/Info.plist;
				LD_RUNPATH_SEARCH_PATHS = "$(inherited) @executable_path/Frameworks @loader_path/Frameworks";
				PRODUCT_NAME = "$(TARGET_NAME)";
				TEST_HOST = "$(BUILT_PRODUCTS_DIR)/myCH.app/myCH";
			};
			name = Debug;
		};
		1081EB381AB3B8A900BEB2EC /* Release */ = {
			isa = XCBuildConfiguration;
			buildSettings = {
				BUNDLE_LOADER = "$(TEST_HOST)";
				FRAMEWORK_SEARCH_PATHS = (
					"$(SDKROOT)/Developer/Library/Frameworks",
					"$(inherited)",
				);
				INFOPLIST_FILE = myCHTests/Info.plist;
				LD_RUNPATH_SEARCH_PATHS = "$(inherited) @executable_path/Frameworks @loader_path/Frameworks";
				PRODUCT_NAME = "$(TARGET_NAME)";
				TEST_HOST = "$(BUILT_PRODUCTS_DIR)/myCH.app/myCH";
			};
			name = Release;
		};
/* End XCBuildConfiguration section */

/* Begin XCConfigurationList section */
		1081EB0D1AB3B8A900BEB2EC /* Build configuration list for PBXProject "myCH" */ = {
			isa = XCConfigurationList;
			buildConfigurations = (
				1081EB311AB3B8A900BEB2EC /* Debug */,
				1081EB321AB3B8A900BEB2EC /* Release */,
			);
			defaultConfigurationIsVisible = 0;
			defaultConfigurationName = Release;
		};
		1081EB331AB3B8A900BEB2EC /* Build configuration list for PBXNativeTarget "myCH" */ = {
			isa = XCConfigurationList;
			buildConfigurations = (
				1081EB341AB3B8A900BEB2EC /* Debug */,
				1081EB351AB3B8A900BEB2EC /* Release */,
			);
			defaultConfigurationIsVisible = 0;
			defaultConfigurationName = Release;
		};
		1081EB361AB3B8A900BEB2EC /* Build configuration list for PBXNativeTarget "myCHTests" */ = {
			isa = XCConfigurationList;
			buildConfigurations = (
				1081EB371AB3B8A900BEB2EC /* Debug */,
				1081EB381AB3B8A900BEB2EC /* Release */,
			);
			defaultConfigurationIsVisible = 0;
			defaultConfigurationName = Release;
		};
/* End XCConfigurationList section */
	};
	rootObject = 1081EB0A1AB3B8A900BEB2EC /* Project object */;
}
